<?xml version="1.0" encoding="utf-8"?>
<Project ToolsVersion="4.0" xmlns="http://schemas.microsoft.com/developer/msbuild/2003">
  <ItemGroup>
    <Filter Include="Resource Files">
      <UniqueIdentifier>{67DA6AB6-F800-4c08-8B7A-83BB121AAD01}</UniqueIdentifier>
      <Extensions>rc;ico;cur;bmp;dlg;rc2;rct;bin;rgs;gif;jpg;jpeg;jpe;resx;tiff;tif;png;wav;mfcribbon-ms</Extensions>
    </Filter>
    <Filter Include="MariaDB">
      <UniqueIdentifier>{f91d9a5f-de4e-4052-bbf6-53c2fb9f1030}</UniqueIdentifier>
    </Filter>
    <Filter Include="IRCClient">
      <UniqueIdentifier>{406bb890-5aa6-41ea-94c7-eba28181ddcf}</UniqueIdentifier>
    </Filter>
    <Filter Include="Socket">
      <UniqueIdentifier>{d4abb5dd-6daf-498b-a445-6fcd40e85dbf}</UniqueIdentifier>
    </Filter>
  </ItemGroup>
  <ItemGroup>
    <ClCompile Include="..\src\IRCBot.cpp" />
    <ClCompile Include="..\src\preCompiled.cpp" />
    <ClCompile Include="..\src\MariaDB\Connection.cpp">
      <Filter>MariaDB</Filter>
    </ClCompile>
    <ClCompile Include="..\src\MariaDB\QueryResult.cpp">
      <Filter>MariaDB</Filter>
    </ClCompile>
    <ClCompile Include="..\src\MariaDB\QueryRow.cpp">
      <Filter>MariaDB</Filter>
    </ClCompile>
    <ClCompile Include="..\src\MariaDB\QueryRowField.cpp">
      <Filter>MariaDB</Filter>
    </ClCompile>
    <ClCompile Include="..\src\Config\Config.cpp" />
    <ClCompile Include="..\src\IRCClient\IRCClient.cpp">
      <Filter>IRCClient</Filter>
    </ClCompile>
    <ClCompile Include="..\src\Socket\Socket.cpp">
      <Filter>Socket</Filter>
    </ClCompile>
  </ItemGroup>
  <ItemGroup>
    <ClInclude Include="..\src\preCompiled.h" />
    <ClInclude Include="..\src\MariaDB\Connection.h">
      <Filter>MariaDB</Filter>
    </ClInclude>
    <ClInclude Include="..\src\MariaDB\MariaDB.h">
      <Filter>MariaDB</Filter>
    </ClInclude>
    <ClInclude Include="..\src\MariaDB\QueryResult.h">
      <Filter>MariaDB</Filter>
    </ClInclude>
    <ClInclude Include="..\src\MariaDB\QueryRow.h">
      <Filter>MariaDB</Filter>
    </ClInclude>
    <ClInclude Include="..\src\MariaDB\QueryRowField.h">
      <Filter>MariaDB</Filter>
    </ClInclude>
    <ClInclude Include="..\src\Config\Config.h" />
    <ClInclude Include="..\src\IRCClient\IRCClient.h">
      <Filter>IRCClient</Filter>
    </ClInclude>
    <ClInclude Include="..\src\Socket\Socket.h">
      <Filter>Socket</Filter>
    </ClInclude>
  </ItemGroup>
</Project>